
Microsoft Visual Studio Solution File, Format Version 12.00
# Visual Studio Version 16
VisualStudioVersion = 16.0.29230.47
MinimumVisualStudioVersion = 10.0.40219.1
Project("{FAE04EC0-301F-11D3-BF4B-00C04F79EFBC}") = "RecommendationBot", "RecommendationBot\RecommendationBot.csproj", "{D3690E1F-B870-41BC-8695-7536C4BA1D9C}"
EndProject
Project("{FAE04EC0-301F-11D3-BF4B-00C04F79EFBC}") = "QnABot", "QnABot\QnABot.csproj", "{68BED798-718F-490A-A800-41B5931C89EF}"
EndProject
Project("{FAE04EC0-301F-11D3-BF4B-00C04F79EFBC}") = "SpeakerRecognitionBot", "SpeakerRecognitionBot\SpeakerRecognitionBot.csproj", "{E90B94F9-E09A-4040-9570-269D5159F525}"
EndProject
Project("{FAE04EC0-301F-11D3-BF4B-00C04F79EFBC}") = "PlateRecognitionBot", "PlateRecognitionBot\PlateRecognitionBot.csproj", "{AD083919-D86A-4D59-B3D5-D76B88B61731}"
EndProject
Project("{FAE04EC0-301F-11D3-BF4B-00C04F79EFBC}") = "LUISBot", "LUISBot\LUISBot.csproj", "{F9A51122-8838-482D-8399-545874CE4DAB}"
EndProject
Global
	GlobalSection(SolutionConfigurationPlatforms) = preSolution
		Debug|Any CPU = Debug|Any CPU
		Release|Any CPU = Release|Any CPU
	EndGlobalSection
	GlobalSection(ProjectConfigurationPlatforms) = postSolution
		{D3690E1F-B870-41BC-8695-7536C4BA1D9C}.Debug|Any CPU.ActiveCfg = Debug|Any CPU
		{D3690E1F-B870-41BC-8695-7536C4BA1D9C}.Debug|Any CPU.Build.0 = Debug|Any CPU
		{D3690E1F-B870-41BC-8695-7536C4BA1D9C}.Release|Any CPU.ActiveCfg = Release|Any CPU
		{D3690E1F-B870-41BC-8695-7536C4BA1D9C}.Release|Any CPU.Build.0 = Release|Any CPU
		{68BED798-718F-490A-A800-41B5931C89EF}.Debug|Any CPU.ActiveCfg = Debug|Any CPU
		{68BED798-718F-490A-A800-41B5931C89EF}.Debug|Any CPU.Build.0 = Debug|Any CPU
		{68BED798-718F-490A-A800-41B5931C89EF}.Release|Any CPU.ActiveCfg = Release|Any CPU
		{68BED798-718F-490A-A800-41B5931C89EF}.Release|Any CPU.Build.0 = Release|Any CPU
		{E90B94F9-E09A-4040-9570-269D5159F525}.Debug|Any CPU.ActiveCfg = Debug|Any CPU
		{E90B94F9-E09A-4040-9570-269D5159F525}.Debug|Any CPU.Build.0 = Debug|Any CPU
		{E90B94F9-E09A-4040-9570-269D5159F525}.Release|Any CPU.ActiveCfg = Release|Any CPU
		{E90B94F9-E09A-4040-9570-269D5159F525}.Release|Any CPU.Build.0 = Release|Any CPU
		{AD083919-D86A-4D59-B3D5-D76B88B61731}.Debug|Any CPU.ActiveCfg = Debug|Any CPU
		{AD083919-D86A-4D59-B3D5-D76B88B61731}.Debug|Any CPU.Build.0 = Debug|Any CPU
		{AD083919-D86A-4D59-B3D5-D76B88B61731}.Release|Any CPU.ActiveCfg = Release|Any CPU
		{AD083919-D86A-4D59-B3D5-D76B88B61731}.Release|Any CPU.Build.0 = Release|Any CPU
		{F9A51122-8838-482D-8399-545874CE4DAB}.Debug|Any CPU.ActiveCfg = Debug|Any CPU
		{F9A51122-8838-482D-8399-545874CE4DAB}.Debug|Any CPU.Build.0 = Debug|Any CPU
		{F9A51122-8838-482D-8399-545874CE4DAB}.Release|Any CPU.ActiveCfg = Release|Any CPU
		{F9A51122-8838-482D-8399-545874CE4DAB}.Release|Any CPU.Build.0 = Release|Any CPU
	EndGlobalSection
	GlobalSection(SolutionProperties) = preSolution
		HideSolutionNode = FALSE
	EndGlobalSection
	GlobalSection(ExtensibilityGlobals) = postSolution
		SolutionGuid = {64E24CE8-849A-4EF6-8593-864780D9F7B5}
	EndGlobalSection
EndGlobal
